
Microsoft Visual Studio Solution File, Format Version 12.00
# Visual Studio Version 17
VisualStudioVersion = 17.7.34221.43
MinimumVisualStudioVersion = 10.0.40219.1
Project("{FAE04EC0-301F-11D3-BF4B-00C04F79EFBC}") = "змейка", "змейка\змейка.csproj", "{C7667239-EB4C-4993-80A1-9C6FF30A9876}"
EndProject
Global
	GlobalSection(SolutionConfigurationPlatforms) = preSolution
		Debug|Any CPU = Debug|Any CPU
		Release|Any CPU = Release|Any CPU
	EndGlobalSection
	GlobalSection(ProjectConfigurationPlatforms) = postSolution
		{C7667239-EB4C-4993-80A1-9C6FF30A9876}.Debug|Any CPU.ActiveCfg = Debug|Any CPU
		{C7667239-EB4C-4993-80A1-9C6FF30A9876}.Debug|Any CPU.Build.0 = Debug|Any CPU
		{C7667239-EB4C-4993-80A1-9C6FF30A9876}.Release|Any CPU.ActiveCfg = Release|Any CPU
		{C7667239-EB4C-4993-80A1-9C6FF30A9876}.Release|Any CPU.Build.0 = Release|Any CPU
	EndGlobalSection
	GlobalSection(SolutionProperties) = preSolution
		HideSolutionNode = FALSE
	EndGlobalSection
	GlobalSection(ExtensibilityGlobals) = postSolution
		SolutionGuid = {526D9808-1272-4712-B309-49D54582F0C1}
	EndGlobalSection
EndGlobal
