
Microsoft Visual Studio Solution File, Format Version 12.00
# Visual Studio Version 17
VisualStudioVersion = 17.7.34221.43
MinimumVisualStudioVersion = 10.0.40219.1
Project("{FAE04EC0-301F-11D3-BF4B-00C04F79EFBC}") = "практос 10", "практос 10\практос 10.csproj", "{489730A7-EBDF-4428-8C7F-0B30E0CBA984}"
EndProject
Global
	GlobalSection(SolutionConfigurationPlatforms) = preSolution
		Debug|Any CPU = Debug|Any CPU
		Release|Any CPU = Release|Any CPU
	EndGlobalSection
	GlobalSection(ProjectConfigurationPlatforms) = postSolution
		{489730A7-EBDF-4428-8C7F-0B30E0CBA984}.Debug|Any CPU.ActiveCfg = Debug|Any CPU
		{489730A7-EBDF-4428-8C7F-0B30E0CBA984}.Debug|Any CPU.Build.0 = Debug|Any CPU
		{489730A7-EBDF-4428-8C7F-0B30E0CBA984}.Release|Any CPU.ActiveCfg = Release|Any CPU
		{489730A7-EBDF-4428-8C7F-0B30E0CBA984}.Release|Any CPU.Build.0 = Release|Any CPU
	EndGlobalSection
	GlobalSection(SolutionProperties) = preSolution
		HideSolutionNode = FALSE
	EndGlobalSection
	GlobalSection(ExtensibilityGlobals) = postSolution
		SolutionGuid = {1C19740E-721E-43C2-BEAE-03E4E293F4FF}
	EndGlobalSection
EndGlobal
